# This file is automatically @generated by Cargo.
# It is not intended for manual editing.
[[package]]
name = "bs1770"
version = "0.0.0"
dependencies = [
 "claxon 0.4.3 (registry+https://github.com/rust-lang/crates.io-index)",
 "hound 3.4.0 (registry+https://github.com/rust-lang/crates.io-index)",
 "libc 0.2.76 (registry+https://github.com/rust-lang/crates.io-index)",
]

[[package]]
name = "claxon"
version = "0.4.3"
source = "registry+https://github.com/rust-lang/crates.io-index"

[[package]]
name = "hound"
version = "3.4.0"
source = "registry+https://github.com/rust-lang/crates.io-index"

[[package]]
name = "libc"
version = "0.2.76"
source = "registry+https://github.com/rust-lang/crates.io-index"

[metadata]
"checksum claxon 0.4.3 (registry+https://github.com/rust-lang/crates.io-index)" = "4bfbf56724aa9eca8afa4fcfadeb479e722935bb2a0900c2d37e0cc477af0688"
"checksum hound 3.4.0 (registry+https://github.com/rust-lang/crates.io-index)" = "8a164bb2ceaeff4f42542bdb847c41517c78a60f5649671b2a07312b6e117549"
"checksum libc 0.2.76 (registry+https://github.com/rust-lang/crates.io-index)" = "755456fae044e6fa1ebbbd1b3e902ae19e73097ed4ed87bb79934a867c007bc3"
